{
  "nodes": {
    "flake-utils": {
      "locked": {
        "lastModified": 1620759905,
        "narHash": "sha256-WiyWawrgmyN0EdmiHyG2V+fqReiVi8bM9cRdMaKQOFg=",
        "owner": "numtide",
        "repo": "flake-utils",
        "rev": "b543720b25df6ffdfcf9227afafc5b8c1fabfae8",
        "type": "github"
      },
      "original": {
        "owner": "numtide",
        "repo": "flake-utils",
        "type": "github"
      }
    },
    "home-manager": {
      "flake": false,
      "locked": {
        "lastModified": 1621794721,
        "narHash": "sha256-JXfTSZUu9EVbT9D/MFsx0cXfa8bw1NFCzIxZ7gO73Uo=",
        "owner": "rycee",
        "repo": "home-manager",
        "rev": "90493027e33ba9eb3f50dc1da365d0e4ca31bf14",
        "type": "github"
      },
      "original": {
        "owner": "rycee",
        "repo": "home-manager",
        "type": "github"
      }
    },
    "nixpkgs": {
      "locked": {
        "lastModified": 1621714816,
        "narHash": "sha256-u6Rhw+1uwaTXThZWuySv9JPXzNuKI9Fmj36g4kb2Ojc=",
        "owner": "NixOS",
        "repo": "nixpkgs",
        "rev": "278bcdce1f0da616661a6205161b13bd89a2f3bf",
        "type": "github"
      },
      "original": {
        "owner": "NixOS",
        "ref": "nixpkgs-unstable",
        "repo": "nixpkgs",
        "type": "github"
      }
    },
    "root": {
      "inputs": {
        "flake-utils": "flake-utils",
        "home-manager": "home-manager",
        "nixpkgs": "nixpkgs"
      }
    }
  },
  "root": "root",
  "version": 7
}
